
Microsoft Visual Studio Solution File, Format Version 12.00
# Visual Studio 2013
VisualStudioVersion = 12.0.30723.0
MinimumVisualStudioVersion = 10.0.40219.1
Project("{2150E333-8FDC-42A3-9474-1A3956D46DE8}") = "MineShip", "MineShip", "{6CB8FBFC-3DAD-4152-8841-C069D184770D}"
	ProjectSection(SiliconStudioPackage) = preProject
		MineShip/MineShip.pdxpkg = MineShip/MineShip.pdxpkg
	EndProjectSection
EndProject
Project("{FAE04EC0-301F-11D3-BF4B-00C04F79EFBC}") = "MineShip.Windows", "MineShip\MineShip.Windows\MineShip.Windows.csproj", "{965BE3EA-47AD-4AAD-9EE4-4545B9F09B2C}"
EndProject
Project("{FAE04EC0-301F-11D3-BF4B-00C04F79EFBC}") = "MineShip.Game", "MineShip\MineShip.Game\MineShip.Game.csproj", "{81338331-4F2A-4801-A715-251E2F3C9FCF}"
EndProject
Project("{FAE04EC0-301F-11D3-BF4B-00C04F79EFBC}") = "MineShip.Android", "MineShip\MineShip.Android\MineShip.Android.csproj", "{FF07B8AD-F84D-44E8-B221-1DAD30620888}"
EndProject
Project("{FAE04EC0-301F-11D3-BF4B-00C04F79EFBC}") = "MineShip.iOS", "MineShip\MineShip.iOS\MineShip.iOS.csproj", "{D39B1048-5B19-4BD6-9CDD-CE861D104577}"
EndProject
Global
	GlobalSection(SolutionConfigurationPlatforms) = preSolution
		AppStore|Android = AppStore|Android
		AppStore|Any CPU = AppStore|Any CPU
		AppStore|iPhone = AppStore|iPhone
		AppStore|iPhoneSimulator = AppStore|iPhoneSimulator
		AppStore|Mixed Platforms = AppStore|Mixed Platforms
		AppStore|Windows = AppStore|Windows
		Debug|Android = Debug|Android
		Debug|Any CPU = Debug|Any CPU
		Debug|iPhone = Debug|iPhone
		Debug|iPhoneSimulator = Debug|iPhoneSimulator
		Debug|Mixed Platforms = Debug|Mixed Platforms
		Debug|Windows = Debug|Windows
		Release|Android = Release|Android
		Release|Any CPU = Release|Any CPU
		Release|iPhone = Release|iPhone
		Release|iPhoneSimulator = Release|iPhoneSimulator
		Release|Mixed Platforms = Release|Mixed Platforms
		Release|Windows = Release|Windows
		Testing|Android = Testing|Android
		Testing|Any CPU = Testing|Any CPU
		Testing|iPhone = Testing|iPhone
		Testing|iPhoneSimulator = Testing|iPhoneSimulator
		Testing|Mixed Platforms = Testing|Mixed Platforms
		Testing|Windows = Testing|Windows
	EndGlobalSection
	GlobalSection(ProjectConfigurationPlatforms) = postSolution
		{965BE3EA-47AD-4AAD-9EE4-4545B9F09B2C}.AppStore|Android.ActiveCfg = Release|Any CPU
		{965BE3EA-47AD-4AAD-9EE4-4545B9F09B2C}.AppStore|Any CPU.ActiveCfg = Release|Any CPU
		{965BE3EA-47AD-4AAD-9EE4-4545B9F09B2C}.AppStore|Any CPU.Build.0 = Release|Any CPU
		{965BE3EA-47AD-4AAD-9EE4-4545B9F09B2C}.AppStore|iPhone.ActiveCfg = Release|Any CPU
		{965BE3EA-47AD-4AAD-9EE4-4545B9F09B2C}.AppStore|iPhoneSimulator.ActiveCfg = Release|Any CPU
		{965BE3EA-47AD-4AAD-9EE4-4545B9F09B2C}.AppStore|Mixed Platforms.ActiveCfg = Release|Any CPU
		{965BE3EA-47AD-4AAD-9EE4-4545B9F09B2C}.AppStore|Mixed Platforms.Build.0 = Release|Any CPU
		{965BE3EA-47AD-4AAD-9EE4-4545B9F09B2C}.AppStore|Windows.ActiveCfg = Release|Any CPU
		{965BE3EA-47AD-4AAD-9EE4-4545B9F09B2C}.Debug|Android.ActiveCfg = Debug|Any CPU
		{965BE3EA-47AD-4AAD-9EE4-4545B9F09B2C}.Debug|Any CPU.ActiveCfg = Debug|Any CPU
		{965BE3EA-47AD-4AAD-9EE4-4545B9F09B2C}.Debug|Any CPU.Build.0 = Debug|Any CPU
		{965BE3EA-47AD-4AAD-9EE4-4545B9F09B2C}.Debug|Any CPU.Deploy.0 = Debug|Any CPU
		{965BE3EA-47AD-4AAD-9EE4-4545B9F09B2C}.Debug|iPhone.ActiveCfg = Debug|Any CPU
		{965BE3EA-47AD-4AAD-9EE4-4545B9F09B2C}.Debug|iPhoneSimulator.ActiveCfg = Debug|Any CPU
		{965BE3EA-47AD-4AAD-9EE4-4545B9F09B2C}.Debug|Mixed Platforms.ActiveCfg = Debug|Any CPU
		{965BE3EA-47AD-4AAD-9EE4-4545B9F09B2C}.Debug|Mixed Platforms.Build.0 = Debug|Any CPU
		{965BE3EA-47AD-4AAD-9EE4-4545B9F09B2C}.Debug|Mixed Platforms.Deploy.0 = Debug|Any CPU
		{965BE3EA-47AD-4AAD-9EE4-4545B9F09B2C}.Debug|Windows.ActiveCfg = Debug|Any CPU
		{965BE3EA-47AD-4AAD-9EE4-4545B9F09B2C}.Debug|Windows.Build.0 = Debug|Any CPU
		{965BE3EA-47AD-4AAD-9EE4-4545B9F09B2C}.Debug|Windows.Deploy.0 = Debug|Any CPU
		{965BE3EA-47AD-4AAD-9EE4-4545B9F09B2C}.Release|Android.ActiveCfg = Release|Any CPU
		{965BE3EA-47AD-4AAD-9EE4-4545B9F09B2C}.Release|Any CPU.ActiveCfg = Release|Any CPU
		{965BE3EA-47AD-4AAD-9EE4-4545B9F09B2C}.Release|Any CPU.Build.0 = Release|Any CPU
		{965BE3EA-47AD-4AAD-9EE4-4545B9F09B2C}.Release|Any CPU.Deploy.0 = Release|Any CPU
		{965BE3EA-47AD-4AAD-9EE4-4545B9F09B2C}.Release|iPhone.ActiveCfg = Release|Any CPU
		{965BE3EA-47AD-4AAD-9EE4-4545B9F09B2C}.Release|iPhoneSimulator.ActiveCfg = Release|Any CPU
		{965BE3EA-47AD-4AAD-9EE4-4545B9F09B2C}.Release|Mixed Platforms.ActiveCfg = Release|Any CPU
		{965BE3EA-47AD-4AAD-9EE4-4545B9F09B2C}.Release|Mixed Platforms.Build.0 = Release|Any CPU
		{965BE3EA-47AD-4AAD-9EE4-4545B9F09B2C}.Release|Mixed Platforms.Deploy.0 = Release|Any CPU
		{965BE3EA-47AD-4AAD-9EE4-4545B9F09B2C}.Release|Windows.ActiveCfg = Release|Any CPU
		{965BE3EA-47AD-4AAD-9EE4-4545B9F09B2C}.Release|Windows.Build.0 = Release|Any CPU
		{965BE3EA-47AD-4AAD-9EE4-4545B9F09B2C}.Release|Windows.Deploy.0 = Release|Any CPU
		{965BE3EA-47AD-4AAD-9EE4-4545B9F09B2C}.Testing|Android.ActiveCfg = Release|Any CPU
		{965BE3EA-47AD-4AAD-9EE4-4545B9F09B2C}.Testing|Any CPU.ActiveCfg = Release|Any CPU
		{965BE3EA-47AD-4AAD-9EE4-4545B9F09B2C}.Testing|Any CPU.Build.0 = Release|Any CPU
		{965BE3EA-47AD-4AAD-9EE4-4545B9F09B2C}.Testing|iPhone.ActiveCfg = Release|Any CPU
		{965BE3EA-47AD-4AAD-9EE4-4545B9F09B2C}.Testing|iPhoneSimulator.ActiveCfg = Release|Any CPU
		{965BE3EA-47AD-4AAD-9EE4-4545B9F09B2C}.Testing|Mixed Platforms.ActiveCfg = Release|Any CPU
		{965BE3EA-47AD-4AAD-9EE4-4545B9F09B2C}.Testing|Mixed Platforms.Build.0 = Release|Any CPU
		{965BE3EA-47AD-4AAD-9EE4-4545B9F09B2C}.Testing|Windows.ActiveCfg = Release|Any CPU
		{81338331-4F2A-4801-A715-251E2F3C9FCF}.AppStore|Android.ActiveCfg = AppStore|Android
		{81338331-4F2A-4801-A715-251E2F3C9FCF}.AppStore|Android.Build.0 = AppStore|Android
		{81338331-4F2A-4801-A715-251E2F3C9FCF}.AppStore|Any CPU.ActiveCfg = AppStore|Any CPU
		{81338331-4F2A-4801-A715-251E2F3C9FCF}.AppStore|Any CPU.Build.0 = AppStore|Any CPU
		{81338331-4F2A-4801-A715-251E2F3C9FCF}.AppStore|iPhone.ActiveCfg = AppStore|iPhone
		{81338331-4F2A-4801-A715-251E2F3C9FCF}.AppStore|iPhone.Build.0 = AppStore|iPhone
		{81338331-4F2A-4801-A715-251E2F3C9FCF}.AppStore|iPhoneSimulator.ActiveCfg = AppStore|iPhoneSimulator
		{81338331-4F2A-4801-A715-251E2F3C9FCF}.AppStore|iPhoneSimulator.Build.0 = AppStore|iPhoneSimulator
		{81338331-4F2A-4801-A715-251E2F3C9FCF}.AppStore|Mixed Platforms.ActiveCfg = AppStore|Any CPU
		{81338331-4F2A-4801-A715-251E2F3C9FCF}.AppStore|Mixed Platforms.Build.0 = AppStore|Any CPU
		{81338331-4F2A-4801-A715-251E2F3C9FCF}.AppStore|Windows.ActiveCfg = AppStore|Any CPU
		{81338331-4F2A-4801-A715-251E2F3C9FCF}.AppStore|Windows.Build.0 = AppStore|Any CPU
		{81338331-4F2A-4801-A715-251E2F3C9FCF}.Debug|Android.ActiveCfg = Debug|Android
		{81338331-4F2A-4801-A715-251E2F3C9FCF}.Debug|Android.Build.0 = Debug|Android
		{81338331-4F2A-4801-A715-251E2F3C9FCF}.Debug|Any CPU.ActiveCfg = Debug|Any CPU
		{81338331-4F2A-4801-A715-251E2F3C9FCF}.Debug|Any CPU.Build.0 = Debug|Any CPU
		{81338331-4F2A-4801-A715-251E2F3C9FCF}.Debug|iPhone.ActiveCfg = Debug|iPhone
		{81338331-4F2A-4801-A715-251E2F3C9FCF}.Debug|iPhone.Build.0 = Debug|iPhone
		{81338331-4F2A-4801-A715-251E2F3C9FCF}.Debug|iPhoneSimulator.ActiveCfg = Debug|iPhoneSimulator
		{81338331-4F2A-4801-A715-251E2F3C9FCF}.Debug|iPhoneSimulator.Build.0 = Debug|iPhoneSimulator
		{81338331-4F2A-4801-A715-251E2F3C9FCF}.Debug|Mixed Platforms.ActiveCfg = Debug|Any CPU
		{81338331-4F2A-4801-A715-251E2F3C9FCF}.Debug|Mixed Platforms.Build.0 = Debug|Any CPU
		{81338331-4F2A-4801-A715-251E2F3C9FCF}.Debug|Windows.ActiveCfg = Debug|Any CPU
		{81338331-4F2A-4801-A715-251E2F3C9FCF}.Debug|Windows.Build.0 = Debug|Any CPU
		{81338331-4F2A-4801-A715-251E2F3C9FCF}.Release|Android.ActiveCfg = Release|Android
		{81338331-4F2A-4801-A715-251E2F3C9FCF}.Release|Android.Build.0 = Release|Android
		{81338331-4F2A-4801-A715-251E2F3C9FCF}.Release|Any CPU.ActiveCfg = Release|Any CPU
		{81338331-4F2A-4801-A715-251E2F3C9FCF}.Release|Any CPU.Build.0 = Release|Any CPU
		{81338331-4F2A-4801-A715-251E2F3C9FCF}.Release|iPhone.ActiveCfg = Release|iPhone
		{81338331-4F2A-4801-A715-251E2F3C9FCF}.Release|iPhone.Build.0 = Release|iPhone
		{81338331-4F2A-4801-A715-251E2F3C9FCF}.Release|iPhoneSimulator.ActiveCfg = Release|iPhoneSimulator
		{81338331-4F2A-4801-A715-251E2F3C9FCF}.Release|iPhoneSimulator.Build.0 = Release|iPhoneSimulator
		{81338331-4F2A-4801-A715-251E2F3C9FCF}.Release|Mixed Platforms.ActiveCfg = Release|Any CPU
		{81338331-4F2A-4801-A715-251E2F3C9FCF}.Release|Mixed Platforms.Build.0 = Release|Any CPU
		{81338331-4F2A-4801-A715-251E2F3C9FCF}.Release|Windows.ActiveCfg = Release|Any CPU
		{81338331-4F2A-4801-A715-251E2F3C9FCF}.Release|Windows.Build.0 = Release|Any CPU
		{81338331-4F2A-4801-A715-251E2F3C9FCF}.Testing|Android.ActiveCfg = Testing|Android
		{81338331-4F2A-4801-A715-251E2F3C9FCF}.Testing|Android.Build.0 = Testing|Android
		{81338331-4F2A-4801-A715-251E2F3C9FCF}.Testing|Any CPU.ActiveCfg = Testing|Any CPU
		{81338331-4F2A-4801-A715-251E2F3C9FCF}.Testing|Any CPU.Build.0 = Testing|Any CPU
		{81338331-4F2A-4801-A715-251E2F3C9FCF}.Testing|iPhone.ActiveCfg = Testing|iPhone
		{81338331-4F2A-4801-A715-251E2F3C9FCF}.Testing|iPhone.Build.0 = Testing|iPhone
		{81338331-4F2A-4801-A715-251E2F3C9FCF}.Testing|iPhoneSimulator.ActiveCfg = Testing|iPhoneSimulator
		{81338331-4F2A-4801-A715-251E2F3C9FCF}.Testing|iPhoneSimulator.Build.0 = Testing|iPhoneSimulator
		{81338331-4F2A-4801-A715-251E2F3C9FCF}.Testing|Mixed Platforms.ActiveCfg = Testing|Any CPU
		{81338331-4F2A-4801-A715-251E2F3C9FCF}.Testing|Mixed Platforms.Build.0 = Testing|Any CPU
		{81338331-4F2A-4801-A715-251E2F3C9FCF}.Testing|Windows.ActiveCfg = Testing|Any CPU
		{81338331-4F2A-4801-A715-251E2F3C9FCF}.Testing|Windows.Build.0 = Testing|Any CPU
		{FF07B8AD-F84D-44E8-B221-1DAD30620888}.AppStore|Android.ActiveCfg = AppStore|Android
		{FF07B8AD-F84D-44E8-B221-1DAD30620888}.AppStore|Android.Build.0 = AppStore|Android
		{FF07B8AD-F84D-44E8-B221-1DAD30620888}.AppStore|Android.Deploy.0 = AppStore|Android
		{FF07B8AD-F84D-44E8-B221-1DAD30620888}.AppStore|Any CPU.ActiveCfg = AppStore|Android
		{FF07B8AD-F84D-44E8-B221-1DAD30620888}.AppStore|iPhone.ActiveCfg = AppStore|Android
		{FF07B8AD-F84D-44E8-B221-1DAD30620888}.AppStore|iPhoneSimulator.ActiveCfg = AppStore|Android
		{FF07B8AD-F84D-44E8-B221-1DAD30620888}.AppStore|Mixed Platforms.ActiveCfg = AppStore|Android
		{FF07B8AD-F84D-44E8-B221-1DAD30620888}.AppStore|Windows.ActiveCfg = AppStore|Android
		{FF07B8AD-F84D-44E8-B221-1DAD30620888}.Debug|Android.ActiveCfg = Debug|Android
		{FF07B8AD-F84D-44E8-B221-1DAD30620888}.Debug|Android.Build.0 = Debug|Android
		{FF07B8AD-F84D-44E8-B221-1DAD30620888}.Debug|Android.Deploy.0 = Debug|Android
		{FF07B8AD-F84D-44E8-B221-1DAD30620888}.Debug|Any CPU.ActiveCfg = Debug|Android
		{FF07B8AD-F84D-44E8-B221-1DAD30620888}.Debug|iPhone.ActiveCfg = Debug|Android
		{FF07B8AD-F84D-44E8-B221-1DAD30620888}.Debug|iPhoneSimulator.ActiveCfg = Debug|Android
		{FF07B8AD-F84D-44E8-B221-1DAD30620888}.Debug|Mixed Platforms.ActiveCfg = Debug|Android
		{FF07B8AD-F84D-44E8-B221-1DAD30620888}.Debug|Windows.ActiveCfg = Debug|Android
		{FF07B8AD-F84D-44E8-B221-1DAD30620888}.Release|Android.ActiveCfg = Release|Android
		{FF07B8AD-F84D-44E8-B221-1DAD30620888}.Release|Android.Build.0 = Release|Android
		{FF07B8AD-F84D-44E8-B221-1DAD30620888}.Release|Android.Deploy.0 = Release|Android
		{FF07B8AD-F84D-44E8-B221-1DAD30620888}.Release|Any CPU.ActiveCfg = Release|Android
		{FF07B8AD-F84D-44E8-B221-1DAD30620888}.Release|iPhone.ActiveCfg = Release|Android
		{FF07B8AD-F84D-44E8-B221-1DAD30620888}.Release|iPhoneSimulator.ActiveCfg = Release|Android
		{FF07B8AD-F84D-44E8-B221-1DAD30620888}.Release|Mixed Platforms.ActiveCfg = Release|Android
		{FF07B8AD-F84D-44E8-B221-1DAD30620888}.Release|Windows.ActiveCfg = Release|Android
		{FF07B8AD-F84D-44E8-B221-1DAD30620888}.Testing|Android.ActiveCfg = Testing|Android
		{FF07B8AD-F84D-44E8-B221-1DAD30620888}.Testing|Android.Build.0 = Testing|Android
		{FF07B8AD-F84D-44E8-B221-1DAD30620888}.Testing|Android.Deploy.0 = Testing|Android
		{FF07B8AD-F84D-44E8-B221-1DAD30620888}.Testing|Any CPU.ActiveCfg = Testing|Android
		{FF07B8AD-F84D-44E8-B221-1DAD30620888}.Testing|iPhone.ActiveCfg = Testing|Android
		{FF07B8AD-F84D-44E8-B221-1DAD30620888}.Testing|iPhoneSimulator.ActiveCfg = Testing|Android
		{FF07B8AD-F84D-44E8-B221-1DAD30620888}.Testing|Mixed Platforms.ActiveCfg = Testing|Android
		{FF07B8AD-F84D-44E8-B221-1DAD30620888}.Testing|Windows.ActiveCfg = Testing|Android
		{D39B1048-5B19-4BD6-9CDD-CE861D104577}.AppStore|Android.ActiveCfg = AppStore|iPhone
		{D39B1048-5B19-4BD6-9CDD-CE861D104577}.AppStore|Any CPU.ActiveCfg = AppStore|iPhone
		{D39B1048-5B19-4BD6-9CDD-CE861D104577}.AppStore|iPhone.ActiveCfg = AppStore|iPhone
		{D39B1048-5B19-4BD6-9CDD-CE861D104577}.AppStore|iPhone.Build.0 = AppStore|iPhone
		{D39B1048-5B19-4BD6-9CDD-CE861D104577}.AppStore|iPhone.Deploy.0 = AppStore|iPhone
		{D39B1048-5B19-4BD6-9CDD-CE861D104577}.AppStore|iPhoneSimulator.ActiveCfg = AppStore|iPhoneSimulator
		{D39B1048-5B19-4BD6-9CDD-CE861D104577}.AppStore|iPhoneSimulator.Build.0 = AppStore|iPhoneSimulator
		{D39B1048-5B19-4BD6-9CDD-CE861D104577}.AppStore|iPhoneSimulator.Deploy.0 = AppStore|iPhoneSimulator
		{D39B1048-5B19-4BD6-9CDD-CE861D104577}.AppStore|Mixed Platforms.ActiveCfg = AppStore|iPhone
		{D39B1048-5B19-4BD6-9CDD-CE861D104577}.AppStore|Windows.ActiveCfg = AppStore|iPhone
		{D39B1048-5B19-4BD6-9CDD-CE861D104577}.Debug|Android.ActiveCfg = Debug|iPhone
		{D39B1048-5B19-4BD6-9CDD-CE861D104577}.Debug|Any CPU.ActiveCfg = Debug|iPhone
		{D39B1048-5B19-4BD6-9CDD-CE861D104577}.Debug|iPhone.ActiveCfg = Debug|iPhone
		{D39B1048-5B19-4BD6-9CDD-CE861D104577}.Debug|iPhone.Build.0 = Debug|iPhone
		{D39B1048-5B19-4BD6-9CDD-CE861D104577}.Debug|iPhone.Deploy.0 = Debug|iPhone
		{D39B1048-5B19-4BD6-9CDD-CE861D104577}.Debug|iPhoneSimulator.ActiveCfg = Debug|iPhoneSimulator
		{D39B1048-5B19-4BD6-9CDD-CE861D104577}.Debug|iPhoneSimulator.Build.0 = Debug|iPhoneSimulator
		{D39B1048-5B19-4BD6-9CDD-CE861D104577}.Debug|iPhoneSimulator.Deploy.0 = Debug|iPhoneSimulator
		{D39B1048-5B19-4BD6-9CDD-CE861D104577}.Debug|Mixed Platforms.ActiveCfg = Debug|iPhone
		{D39B1048-5B19-4BD6-9CDD-CE861D104577}.Debug|Windows.ActiveCfg = Debug|iPhone
		{D39B1048-5B19-4BD6-9CDD-CE861D104577}.Release|Android.ActiveCfg = Release|iPhone
		{D39B1048-5B19-4BD6-9CDD-CE861D104577}.Release|Any CPU.ActiveCfg = Release|iPhone
		{D39B1048-5B19-4BD6-9CDD-CE861D104577}.Release|iPhone.ActiveCfg = Release|iPhone
		{D39B1048-5B19-4BD6-9CDD-CE861D104577}.Release|iPhone.Build.0 = Release|iPhone
		{D39B1048-5B19-4BD6-9CDD-CE861D104577}.Release|iPhone.Deploy.0 = Release|iPhone
		{D39B1048-5B19-4BD6-9CDD-CE861D104577}.Release|iPhoneSimulator.ActiveCfg = Release|iPhoneSimulator
		{D39B1048-5B19-4BD6-9CDD-CE861D104577}.Release|iPhoneSimulator.Build.0 = Release|iPhoneSimulator
		{D39B1048-5B19-4BD6-9CDD-CE861D104577}.Release|iPhoneSimulator.Deploy.0 = Release|iPhoneSimulator
		{D39B1048-5B19-4BD6-9CDD-CE861D104577}.Release|Mixed Platforms.ActiveCfg = Release|iPhone
		{D39B1048-5B19-4BD6-9CDD-CE861D104577}.Release|Windows.ActiveCfg = Release|iPhone
		{D39B1048-5B19-4BD6-9CDD-CE861D104577}.Testing|Android.ActiveCfg = Testing|iPhone
		{D39B1048-5B19-4BD6-9CDD-CE861D104577}.Testing|Any CPU.ActiveCfg = Testing|iPhone
		{D39B1048-5B19-4BD6-9CDD-CE861D104577}.Testing|iPhone.ActiveCfg = Testing|iPhone
		{D39B1048-5B19-4BD6-9CDD-CE861D104577}.Testing|iPhone.Build.0 = Testing|iPhone
		{D39B1048-5B19-4BD6-9CDD-CE861D104577}.Testing|iPhone.Deploy.0 = Testing|iPhone
		{D39B1048-5B19-4BD6-9CDD-CE861D104577}.Testing|iPhoneSimulator.ActiveCfg = Testing|iPhoneSimulator
		{D39B1048-5B19-4BD6-9CDD-CE861D104577}.Testing|iPhoneSimulator.Build.0 = Testing|iPhoneSimulator
		{D39B1048-5B19-4BD6-9CDD-CE861D104577}.Testing|iPhoneSimulator.Deploy.0 = Testing|iPhoneSimulator
		{D39B1048-5B19-4BD6-9CDD-CE861D104577}.Testing|Mixed Platforms.ActiveCfg = Testing|iPhone
		{D39B1048-5B19-4BD6-9CDD-CE861D104577}.Testing|Windows.ActiveCfg = Testing|iPhone
	EndGlobalSection
	GlobalSection(SolutionProperties) = preSolution
		HideSolutionNode = FALSE
	EndGlobalSection
	GlobalSection(NestedProjects) = preSolution
		{965BE3EA-47AD-4AAD-9EE4-4545B9F09B2C} = {6CB8FBFC-3DAD-4152-8841-C069D184770D}
		{81338331-4F2A-4801-A715-251E2F3C9FCF} = {6CB8FBFC-3DAD-4152-8841-C069D184770D}
		{FF07B8AD-F84D-44E8-B221-1DAD30620888} = {6CB8FBFC-3DAD-4152-8841-C069D184770D}
		{D39B1048-5B19-4BD6-9CDD-CE861D104577} = {6CB8FBFC-3DAD-4152-8841-C069D184770D}
	EndGlobalSection
EndGlobal
